Microsoft Visual Studio Solution File, Format Version 12.00
# Visual Studio Version 17
VisualStudioVersion = 17.5.2.0
MinimumVisualStudioVersion = 10.0.40219.1
Project("{FAE04EC0-301F-11D3-BF4B-00C04F79EFBC}") = "PHT_ASP.NET CORE-API", "PHT_ASP.NET CORE-API.csproj", "{8644498D-56FC-E2CC-D193-5F5B27DCFAFE}"
EndProject
Global
	GlobalSection(SolutionConfigurationPlatforms) = preSolution
		Debug|Any CPU = Debug|Any CPU
		Release|Any CPU = Release|Any CPU
	EndGlobalSection
	GlobalSection(ProjectConfigurationPlatforms) = postSolution
		{8644498D-56FC-E2CC-D193-5F5B27DCFAFE}.Debug|Any CPU.ActiveCfg = Debug|Any CPU
		{8644498D-56FC-E2CC-D193-5F5B27DCFAFE}.Debug|Any CPU.Build.0 = Debug|Any CPU
		{8644498D-56FC-E2CC-D193-5F5B27DCFAFE}.Release|Any CPU.ActiveCfg = Release|Any CPU
		{8644498D-56FC-E2CC-D193-5F5B27DCFAFE}.Release|Any CPU.Build.0 = Release|Any CPU
	EndGlobalSection
	GlobalSection(SolutionProperties) = preSolution
		HideSolutionNode = FALSE
	EndGlobalSection
	GlobalSection(ExtensibilityGlobals) = postSolution
		SolutionGuid = {3F0EA37A-857E-467A-9AEC-FDE7DBDC866A}
	EndGlobalSection
EndGlobal
